
Microsoft Visual Studio Solution File, Format Version 12.00
# Visual Studio Version 17
VisualStudioVersion = 17.0.31912.275
MinimumVisualStudioVersion = 10.0.40219.1
Project("{FAE04EC0-301F-11D3-BF4B-00C04F79EFBC}") = "ExcelMacrosExtractor", "ExcelMacrosExtractor\ExcelMacrosExtractor.csproj", "{9BC20183-1C41-4978-81C7-F41D660C7F2D}"
EndProject
Project("{FAE04EC0-301F-11D3-BF4B-00C04F79EFBC}") = "Tester", "Tester\Tester.csproj", "{608724AA-4851-4D86-9CEC-14005FEEF7C3}"
EndProject
Global
	GlobalSection(SolutionConfigurationPlatforms) = preSolution
		Debug|Any CPU = Debug|Any CPU
		Release|Any CPU = Release|Any CPU
	EndGlobalSection
	GlobalSection(ProjectConfigurationPlatforms) = postSolution
		{9BC20183-1C41-4978-81C7-F41D660C7F2D}.Debug|Any CPU.ActiveCfg = Debug|Any CPU
		{9BC20183-1C41-4978-81C7-F41D660C7F2D}.Debug|Any CPU.Build.0 = Debug|Any CPU
		{9BC20183-1C41-4978-81C7-F41D660C7F2D}.Release|Any CPU.ActiveCfg = Release|Any CPU
		{9BC20183-1C41-4978-81C7-F41D660C7F2D}.Release|Any CPU.Build.0 = Release|Any CPU
		{608724AA-4851-4D86-9CEC-14005FEEF7C3}.Debug|Any CPU.ActiveCfg = Debug|Any CPU
		{608724AA-4851-4D86-9CEC-14005FEEF7C3}.Debug|Any CPU.Build.0 = Debug|Any CPU
		{608724AA-4851-4D86-9CEC-14005FEEF7C3}.Release|Any CPU.ActiveCfg = Release|Any CPU
		{608724AA-4851-4D86-9CEC-14005FEEF7C3}.Release|Any CPU.Build.0 = Release|Any CPU
	EndGlobalSection
	GlobalSection(SolutionProperties) = preSolution
		HideSolutionNode = FALSE
	EndGlobalSection
	GlobalSection(ExtensibilityGlobals) = postSolution
		SolutionGuid = {00702F20-1E95-4DE7-9426-DEDF42460B87}
	EndGlobalSection
EndGlobal
